
Microsoft Visual Studio Solution File, Format Version 12.00
# Visual Studio Version 16
VisualStudioVersion = 16.0.808.1
MinimumVisualStudioVersion = 10.0.40219.1
Project("{FAE04EC0-301F-11D3-BF4B-00C04F79EFBC}") = "TodoApi", "TodoApi\TodoApi.csproj", "{CC5FE3BC-DE4A-4E72-9E24-412E8AE20C0D}"
EndProject
Global
	GlobalSection(SolutionConfigurationPlatforms) = preSolution
		Debug|Any CPU = Debug|Any CPU
		Release|Any CPU = Release|Any CPU
	EndGlobalSection
	GlobalSection(ProjectConfigurationPlatforms) = postSolution
		{CC5FE3BC-DE4A-4E72-9E24-412E8AE20C0D}.Debug|Any CPU.ActiveCfg = Debug|Any CPU
		{CC5FE3BC-DE4A-4E72-9E24-412E8AE20C0D}.Debug|Any CPU.Build.0 = Debug|Any CPU
		{CC5FE3BC-DE4A-4E72-9E24-412E8AE20C0D}.Release|Any CPU.ActiveCfg = Release|Any CPU
		{CC5FE3BC-DE4A-4E72-9E24-412E8AE20C0D}.Release|Any CPU.Build.0 = Release|Any CPU
	EndGlobalSection
	GlobalSection(SolutionProperties) = preSolution
		HideSolutionNode = FALSE
	EndGlobalSection
	GlobalSection(ExtensibilityGlobals) = postSolution
		SolutionGuid = {1D1F27F7-9C06-4939-875B-DF0CFEE19819}
	EndGlobalSection
EndGlobal
